
Microsoft Visual Studio Solution File, Format Version 12.00
# Visual Studio Version 17
VisualStudioVersion = 17.8.34330.188
MinimumVisualStudioVersion = 10.0.40219.1
Project("{9A19103F-16F7-4668-BE54-9A1E7A4F7556}") = "WebApi", "src\WebApi\WebApi.csproj", "{AA9DF7BA-C7E2-4322-B953-6527178E31E8}"
EndProject
Project("{9A19103F-16F7-4668-BE54-9A1E7A4F7556}") = "Service", "src\Service\Service.csproj", "{1F6356B7-6EDC-4ED9-BF45-368B3599E0EB}"
EndProject
Project("{FAE04EC0-301F-11D3-BF4B-00C04F79EFBC}") = "Tests", "src\Tests\Tests.csproj", "{9FDC1975-5F86-4B47-8B7D-CA466F460C9C}"
EndProject
Project("{001C71B0-2657-479C-82E3-5888F4CB727A}") = "Rin.Extensions.Serilog.Sink", "src\Rin.Extensions.Serilog.Sink\Rin.Extensions.Serilog.Sink.csproj", "{92012EED-64AD-46BE-908E-79B98FDE483B}"
EndProject
Global
	GlobalSection(SolutionConfigurationPlatforms) = preSolution
		Debug|Any CPU = Debug|Any CPU
		Release|Any CPU = Release|Any CPU
	EndGlobalSection
	GlobalSection(ProjectConfigurationPlatforms) = postSolution
		{AA9DF7BA-C7E2-4322-B953-6527178E31E8}.Debug|Any CPU.ActiveCfg = Debug|Any CPU
		{AA9DF7BA-C7E2-4322-B953-6527178E31E8}.Debug|Any CPU.Build.0 = Debug|Any CPU
		{AA9DF7BA-C7E2-4322-B953-6527178E31E8}.Release|Any CPU.ActiveCfg = Release|Any CPU
		{AA9DF7BA-C7E2-4322-B953-6527178E31E8}.Release|Any CPU.Build.0 = Release|Any CPU
		{1F6356B7-6EDC-4ED9-BF45-368B3599E0EB}.Debug|Any CPU.ActiveCfg = Debug|Any CPU
		{1F6356B7-6EDC-4ED9-BF45-368B3599E0EB}.Debug|Any CPU.Build.0 = Debug|Any CPU
		{1F6356B7-6EDC-4ED9-BF45-368B3599E0EB}.Release|Any CPU.ActiveCfg = Release|Any CPU
		{1F6356B7-6EDC-4ED9-BF45-368B3599E0EB}.Release|Any CPU.Build.0 = Release|Any CPU
		{9FDC1975-5F86-4B47-8B7D-CA466F460C9C}.Debug|Any CPU.ActiveCfg = Debug|Any CPU
		{9FDC1975-5F86-4B47-8B7D-CA466F460C9C}.Debug|Any CPU.Build.0 = Debug|Any CPU
		{9FDC1975-5F86-4B47-8B7D-CA466F460C9C}.Release|Any CPU.ActiveCfg = Release|Any CPU
		{9FDC1975-5F86-4B47-8B7D-CA466F460C9C}.Release|Any CPU.Build.0 = Release|Any CPU
		{92012EED-64AD-46BE-908E-79B98FDE483B}.Debug|Any CPU.ActiveCfg = Debug|Any CPU
		{92012EED-64AD-46BE-908E-79B98FDE483B}.Debug|Any CPU.Build.0 = Debug|Any CPU
		{92012EED-64AD-46BE-908E-79B98FDE483B}.Release|Any CPU.ActiveCfg = Release|Any CPU
		{92012EED-64AD-46BE-908E-79B98FDE483B}.Release|Any CPU.Build.0 = Release|Any CPU
	EndGlobalSection
	GlobalSection(SolutionProperties) = preSolution
		HideSolutionNode = FALSE
	EndGlobalSection
	GlobalSection(ExtensibilityGlobals) = postSolution
		SolutionGuid = {30E6675F-D7D7-4DCC-80D1-9D3FBE4C6104}
	EndGlobalSection
EndGlobal
